// !$*UTF8*$!
{
	archiveVersion = 1;
	classes = {
	};
	objectVersion = 56;
	objects = {

/* Begin PBXBuildFile section */
		CCA378E42AADC1CB00B9A2CE /* CarsAppApp.swift in Sources */ = {isa = PBXBuildFile; fileRef = CCA378E32AADC1CB00B9A2CE /* CarsAppApp.swift */; };
		CCA378E62AADC1CB00B9A2CE /* OnboardingView.swift in Sources */ = {isa = PBXBuildFile; fileRef = CCA378E52AADC1CB00B9A2CE /* OnboardingView.swift */; };
		CCA378E82AADC1CB00B9A2CE /* Assets.xcassets in Resources */ = {isa = PBXBuildFile; fileRef = CCA378E72AADC1CB00B9A2CE /* Assets.xcassets */; };
		CCA378EB2AADC1CB00B9A2CE /* Preview Assets.xcassets in Resources */ = {isa = PBXBuildFile; fileRef = CCA378EA2AADC1CB00B9A2CE /* Preview Assets.xcassets */; };
		CCA378F52AADC1CB00B9A2CE /* CarsAppTests.swift in Sources */ = {isa = PBXBuildFile; fileRef = CCA378F42AADC1CB00B9A2CE /* CarsAppTests.swift */; };
		CCA378FF2AADC1CC00B9A2CE /* CarsAppUITests.swift in Sources */ = {isa = PBXBuildFile; fileRef = CCA378FE2AADC1CC00B9A2CE /* CarsAppUITests.swift */; };
		CCA379012AADC1CC00B9A2CE /* CarsAppUITestsLaunchTests.swift in Sources */ = {isa = PBXBuildFile; fileRef = CCA379002AADC1CC00B9A2CE /* CarsAppUITestsLaunchTests.swift */; };
		CCA379132AADC61400B9A2CE /* CarModel.swift in Sources */ = {isa = PBXBuildFile; fileRef = CCA379122AADC61400B9A2CE /* CarModel.swift */; };
		CCA379162AADC6AF00B9A2CE /* CarsData.swift in Sources */ = {isa = PBXBuildFile; fileRef = CCA379152AADC6AF00B9A2CE /* CarsData.swift */; };
		CCA379182AADD86400B9A2CE /* CarCardView.swift in Sources */ = {isa = PBXBuildFile; fileRef = CCA379172AADD86400B9A2CE /* CarCardView.swift */; };
		CCA3791A2AADEBA000B9A2CE /* CarCellView.swift in Sources */ = {isa = PBXBuildFile; fileRef = CCA379192AADEBA000B9A2CE /* CarCellView.swift */; };
		CCA3791C2AADED9600B9A2CE /* HomeCarsView.swift in Sources */ = {isa = PBXBuildFile; fileRef = CCA3791B2AADED9600B9A2CE /* HomeCarsView.swift */; };
		CCA3791E2AADF37300B9A2CE /* CarDetailsView.swift in Sources */ = {isa = PBXBuildFile; fileRef = CCA3791D2AADF37300B9A2CE /* CarDetailsView.swift */; };
		CCA379202AADF8F100B9A2CE /* CarModelsGroupBoxView.swift in Sources */ = {isa = PBXBuildFile; fileRef = CCA3791F2AADF8F100B9A2CE /* CarModelsGroupBoxView.swift */; };
		CCA379222AAF5AF400B9A2CE /* SettingsView.swift in Sources */ = {isa = PBXBuildFile; fileRef = CCA379212AAF5AF400B9A2CE /* SettingsView.swift */; };
/* End PBXBuildFile section */

/* Begin PBXContainerItemProxy section */
		CCA378F12AADC1CB00B9A2CE /* PBXContainerItemProxy */ = {
			isa = PBXContainerItemProxy;
			containerPortal = CCA378D82AADC1CB00B9A2CE /* Project object */;
			proxyType = 1;
			remoteGlobalIDString = CCA378DF2AADC1CB00B9A2CE;
			remoteInfo = CarsApp;
		};
		CCA378FB2AADC1CC00B9A2CE /* PBXContainerItemProxy */ = {
			isa = PBXContainerItemProxy;
			containerPortal = CCA378D82AADC1CB00B9A2CE /* Project object */;
			proxyType = 1;
			remoteGlobalIDString = CCA378DF2AADC1CB00B9A2CE;
			remoteInfo = CarsApp;
		};
/* End PBXContainerItemProxy section */

/* Begin PBXFileReference section */
		CCA378E02AADC1CB00B9A2CE /* CarsApp.app */ = {isa = PBXFileReference; explicitFileType = wrapper.application; includeInIndex = 0; path = CarsApp.app; sourceTree = BUILT_PRODUCTS_DIR; };
		CCA378E32AADC1CB00B9A2CE /* CarsAppApp.swift */ = {isa = PBXFileReference; lastKnownFileType = sourcecode.swift; path = CarsAppApp.swift; sourceTree = "<group>"; };
		CCA378E52AADC1CB00B9A2CE /* OnboardingView.swift */ = {isa = PBXFileReference; lastKnownFileType = sourcecode.swift; path = OnboardingView.swift; sourceTree = "<group>"; };
		CCA378E72AADC1CB00B9A2CE /* Assets.xcassets */ = {isa = PBXFileReference; lastKnownFileType = folder.assetcatalog; path = Assets.xcassets; sourceTree = "<group>"; };
		CCA378EA2AADC1CB00B9A2CE /* Preview Assets.xcassets */ = {isa = PBXFileReference; lastKnownFileType = folder.assetcatalog; path = "Preview Assets.xcassets"; sourceTree = "<group>"; };
		CCA378F02AADC1CB00B9A2CE /* CarsAppTests.xctest */ = {isa = PBXFileReference; explicitFileType = wrapper.cfbundle; includeInIndex = 0; path = CarsAppTests.xctest; sourceTree = BUILT_PRODUCTS_DIR; };
		CCA378F42AADC1CB00B9A2CE /* CarsAppTests.swift */ = {isa = PBXFileReference; lastKnownFileType = sourcecode.swift; path = CarsAppTests.swift; sourceTree = "<group>"; };
		CCA378FA2AADC1CC00B9A2CE /* CarsAppUITests.xctest */ = {isa = PBXFileReference; explicitFileType = wrapper.cfbundle; includeInIndex = 0; path = CarsAppUITests.xctest; sourceTree = BUILT_PRODUCTS_DIR; };
		CCA378FE2AADC1CC00B9A2CE /* CarsAppUITests.swift */ = {isa = PBXFileReference; lastKnownFileType = sourcecode.swift; path = CarsAppUITests.swift; sourceTree = "<group>"; };
		CCA379002AADC1CC00B9A2CE /* CarsAppUITestsLaunchTests.swift */ = {isa = PBXFileReference; lastKnownFileType = sourcecode.swift; path = CarsAppUITestsLaunchTests.swift; sourceTree = "<group>"; };
		CCA379122AADC61400B9A2CE /* CarModel.swift */ = {isa = PBXFileReference; lastKnownFileType = sourcecode.swift; path = CarModel.swift; sourceTree = "<group>"; };
		CCA379152AADC6AF00B9A2CE /* CarsData.swift */ = {isa = PBXFileReference; lastKnownFileType = sourcecode.swift; path = CarsData.swift; sourceTree = "<group>"; };
		CCA379172AADD86400B9A2CE /* CarCardView.swift */ = {isa = PBXFileReference; lastKnownFileType = sourcecode.swift; path = CarCardView.swift; sourceTree = "<group>"; };
		CCA379192AADEBA000B9A2CE /* CarCellView.swift */ = {isa = PBXFileReference; lastKnownFileType = sourcecode.swift; path = CarCellView.swift; sourceTree = "<group>"; };
		CCA3791B2AADED9600B9A2CE /* HomeCarsView.swift */ = {isa = PBXFileReference; lastKnownFileType = sourcecode.swift; path = HomeCarsView.swift; sourceTree = "<group>"; };
		CCA3791D2AADF37300B9A2CE /* CarDetailsView.swift */ = {isa = PBXFileReference; lastKnownFileType = sourcecode.swift; path = CarDetailsView.swift; sourceTree = "<group>"; };
		CCA3791F2AADF8F100B9A2CE /* CarModelsGroupBoxView.swift */ = {isa = PBXFileReference; lastKnownFileType = sourcecode.swift; path = CarModelsGroupBoxView.swift; sourceTree = "<group>"; };
		CCA379212AAF5AF400B9A2CE /* SettingsView.swift */ = {isa = PBXFileReference; lastKnownFileType = sourcecode.swift; path = SettingsView.swift; sourceTree = "<group>"; };
/* End PBXFileReference section */

/* Begin PBXFrameworksBuildPhase section */
		CCA378DD2AADC1CB00B9A2CE /* Frameworks */ = {
			isa = PBXFrameworksBuildPhase;
			buildActionMask = 2147483647;
			files = (
			);
			runOnlyForDeploymentPostprocessing = 0;
		};
		CCA378ED2AADC1CB00B9A2CE /* Frameworks */ = {
			isa = PBXFrameworksBuildPhase;
			buildActionMask = 2147483647;
			files = (
			);
			runOnlyForDeploymentPostprocessing = 0;
		};
		CCA378F72AADC1CC00B9A2CE /* Frameworks */ = {
			isa = PBXFrameworksBuildPhase;
			buildActionMask = 2147483647;
			files = (
			);
			runOnlyForDeploymentPostprocessing = 0;
		};
/* End PBXFrameworksBuildPhase section */

/* Begin PBXGroup section */
		CCA378D72AADC1CB00B9A2CE = {
			isa = PBXGroup;
			children = (
				CCA378E22AADC1CB00B9A2CE /* CarsApp */,
				CCA378F32AADC1CB00B9A2CE /* CarsAppTests */,
				CCA378FD2AADC1CC00B9A2CE /* CarsAppUITests */,
				CCA378E12AADC1CB00B9A2CE /* Products */,
			);
			sourceTree = "<group>";
		};
		CCA378E12AADC1CB00B9A2CE /* Products */ = {
			isa = PBXGroup;
			children = (
				CCA378E02AADC1CB00B9A2CE /* CarsApp.app */,
				CCA378F02AADC1CB00B9A2CE /* CarsAppTests.xctest */,
				CCA378FA2AADC1CC00B9A2CE /* CarsAppUITests.xctest */,
			);
			name = Products;
			sourceTree = "<group>";
		};
		CCA378E22AADC1CB00B9A2CE /* CarsApp */ = {
			isa = PBXGroup;
			children = (
				CCA379142AADC6A200B9A2CE /* Data */,
				CCA379102AADC5F000B9A2CE /* Models */,
				CCA3790F2AADC5E800B9A2CE /* Utilities */,
				CCA3790E2AADC5E100B9A2CE /* Components */,
				CCA3790D2AADC5D700B9A2CE /* Views */,
				CCA378E72AADC1CB00B9A2CE /* Assets.xcassets */,
				CCA378E92AADC1CB00B9A2CE /* Preview Content */,
			);
			path = CarsApp;
			sourceTree = "<group>";
		};
		CCA378E92AADC1CB00B9A2CE /* Preview Content */ = {
			isa = PBXGroup;
			children = (
				CCA378EA2AADC1CB00B9A2CE /* Preview Assets.xcassets */,
			);
			path = "Preview Content";
			sourceTree = "<group>";
		};
		CCA378F32AADC1CB00B9A2CE /* CarsAppTests */ = {
			isa = PBXGroup;
			children = (
				CCA378F42AADC1CB00B9A2CE /* CarsAppTests.swift */,
			);
			path = CarsAppTests;
			sourceTree = "<group>";
		};
		CCA378FD2AADC1CC00B9A2CE /* CarsAppUITests */ = {
			isa = PBXGroup;
			children = (
				CCA378FE2AADC1CC00B9A2CE /* CarsAppUITests.swift */,
				CCA379002AADC1CC00B9A2CE /* CarsAppUITestsLaunchTests.swift */,
			);
			path = CarsAppUITests;
			sourceTree = "<group>";
		};
		CCA3790D2AADC5D700B9A2CE /* Views */ = {
			isa = PBXGroup;
			children = (
				CCA378E32AADC1CB00B9A2CE /* CarsAppApp.swift */,
				CCA378E52AADC1CB00B9A2CE /* OnboardingView.swift */,
				CCA3791B2AADED9600B9A2CE /* HomeCarsView.swift */,
				CCA3791D2AADF37300B9A2CE /* CarDetailsView.swift */,
				CCA379212AAF5AF400B9A2CE /* SettingsView.swift */,
			);
			path = Views;
			sourceTree = "<group>";
		};
		CCA3790E2AADC5E100B9A2CE /* Components */ = {
			isa = PBXGroup;
			children = (
				CCA379172AADD86400B9A2CE /* CarCardView.swift */,
				CCA379192AADEBA000B9A2CE /* CarCellView.swift */,
				CCA3791F2AADF8F100B9A2CE /* CarModelsGroupBoxView.swift */,
			);
			path = Components;
			sourceTree = "<group>";
		};
		CCA3790F2AADC5E800B9A2CE /* Utilities */ = {
			isa = PBXGroup;
			children = (
			);
			path = Utilities;
			sourceTree = "<group>";
		};
		CCA379102AADC5F000B9A2CE /* Models */ = {
			isa = PBXGroup;
			children = (
				CCA379122AADC61400B9A2CE /* CarModel.swift */,
			);
			path = Models;
			sourceTree = "<group>";
		};
		CCA379142AADC6A200B9A2CE /* Data */ = {
			isa = PBXGroup;
			children = (
				CCA379152AADC6AF00B9A2CE /* CarsData.swift */,
			);
			path = Data;
			sourceTree = "<group>";
		};
/* End PBXGroup section */

/* Begin PBXNativeTarget section */
		CCA378DF2AADC1CB00B9A2CE /* CarsApp */ = {
			isa = PBXNativeTarget;
			buildConfigurationList = CCA379042AADC1CC00B9A2CE /* Build configuration list for PBXNativeTarget "CarsApp" */;
			buildPhases = (
				CCA378DC2AADC1CB00B9A2CE /* Sources */,
				CCA378DD2AADC1CB00B9A2CE /* Frameworks */,
				CCA378DE2AADC1CB00B9A2CE /* Resources */,
			);
			buildRules = (
			);
			dependencies = (
			);
			name = CarsApp;
			productName = CarsApp;
			productReference = CCA378E02AADC1CB00B9A2CE /* CarsApp.app */;
			productType = "com.apple.product-type.application";
		};
		CCA378EF2AADC1CB00B9A2CE /* CarsAppTests */ = {
			isa = PBXNativeTarget;
			buildConfigurationList = CCA379072AADC1CC00B9A2CE /* Build configuration list for PBXNativeTarget "CarsAppTests" */;
			buildPhases = (
				CCA378EC2AADC1CB00B9A2CE /* Sources */,
				CCA378ED2AADC1CB00B9A2CE /* Frameworks */,
				CCA378EE2AADC1CB00B9A2CE /* Resources */,
			);
			buildRules = (
			);
			dependencies = (
				CCA378F22AADC1CB00B9A2CE /* PBXTargetDependency */,
			);
			name = CarsAppTests;
			productName = CarsAppTests;
			productReference = CCA378F02AADC1CB00B9A2CE /* CarsAppTests.xctest */;
			productType = "com.apple.product-type.bundle.unit-test";
		};
		CCA378F92AADC1CC00B9A2CE /* CarsAppUITests */ = {
			isa = PBXNativeTarget;
			buildConfigurationList = CCA3790A2AADC1CC00B9A2CE /* Build configuration list for PBXNativeTarget "CarsAppUITests" */;
			buildPhases = (
				CCA378F62AADC1CC00B9A2CE /* Sources */,
				CCA378F72AADC1CC00B9A2CE /* Frameworks */,
				CCA378F82AADC1CC00B9A2CE /* Resources */,
			);
			buildRules = (
			);
			dependencies = (
				CCA378FC2AADC1CC00B9A2CE /* PBXTargetDependency */,
			);
			name = CarsAppUITests;
			productName = CarsAppUITests;
			productReference = CCA378FA2AADC1CC00B9A2CE /* CarsAppUITests.xctest */;
			productType = "com.apple.product-type.bundle.ui-testing";
		};
/* End PBXNativeTarget section */

/* Begin PBXProject section */
		CCA378D82AADC1CB00B9A2CE /* Project object */ = {
			isa = PBXProject;
			attributes = {
				BuildIndependentTargetsInParallel = 1;
				LastSwiftUpdateCheck = 1430;
				LastUpgradeCheck = 1430;
				TargetAttributes = {
					CCA378DF2AADC1CB00B9A2CE = {
						CreatedOnToolsVersion = 14.3.1;
					};
					CCA378EF2AADC1CB00B9A2CE = {
						CreatedOnToolsVersion = 14.3.1;
						TestTargetID = CCA378DF2AADC1CB00B9A2CE;
					};
					CCA378F92AADC1CC00B9A2CE = {
						CreatedOnToolsVersion = 14.3.1;
						TestTargetID = CCA378DF2AADC1CB00B9A2CE;
					};
				};
			};
			buildConfigurationList = CCA378DB2AADC1CB00B9A2CE /* Build configuration list for PBXProject "CarsApp" */;
			compatibilityVersion = "Xcode 14.0";
			developmentRegion = en;
			hasScannedForEncodings = 0;
			knownRegions = (
				en,
				Base,
			);
			mainGroup = CCA378D72AADC1CB00B9A2CE;
			productRefGroup = CCA378E12AADC1CB00B9A2CE /* Products */;
			projectDirPath = "";
			projectRoot = "";
			targets = (
				CCA378DF2AADC1CB00B9A2CE /* CarsApp */,
				CCA378EF2AADC1CB00B9A2CE /* CarsAppTests */,
				CCA378F92AADC1CC00B9A2CE /* CarsAppUITests */,
			);
		};
/* End PBXProject section */

/* Begin PBXResourcesBuildPhase section */
		CCA378DE2AADC1CB00B9A2CE /* Resources */ = {
			isa = PBXResourcesBuildPhase;
			buildActionMask = 2147483647;
			files = (
				CCA378EB2AADC1CB00B9A2CE /* Preview Assets.xcassets in Resources */,
				CCA378E82AADC1CB00B9A2CE /* Assets.xcassets in Resources */,
			);
			runOnlyForDeploymentPostprocessing = 0;
		};
		CCA378EE2AADC1CB00B9A2CE /* Resources */ = {
			isa = PBXResourcesBuildPhase;
			buildActionMask = 2147483647;
			files = (
			);
			runOnlyForDeploymentPostprocessing = 0;
		};
		CCA378F82AADC1CC00B9A2CE /* Resources */ = {
			isa = PBXResourcesBuildPhase;
			buildActionMask = 2147483647;
			files = (
			);
			runOnlyForDeploymentPostprocessing = 0;
		};
/* End PBXResourcesBuildPhase section */

/* Begin PBXSourcesBuildPhase section */
		CCA378DC2AADC1CB00B9A2CE /* Sources */ = {
			isa = PBXSourcesBuildPhase;
			buildActionMask = 2147483647;
			files = (
				CCA379162AADC6AF00B9A2CE /* CarsData.swift in Sources */,
				CCA3791A2AADEBA000B9A2CE /* CarCellView.swift in Sources */,
				CCA379182AADD86400B9A2CE /* CarCardView.swift in Sources */,
				CCA378E62AADC1CB00B9A2CE /* OnboardingView.swift in Sources */,
				CCA3791C2AADED9600B9A2CE /* HomeCarsView.swift in Sources */,
				CCA379222AAF5AF400B9A2CE /* SettingsView.swift in Sources */,
				CCA379202AADF8F100B9A2CE /* CarModelsGroupBoxView.swift in Sources */,
				CCA378E42AADC1CB00B9A2CE /* CarsAppApp.swift in Sources */,
				CCA3791E2AADF37300B9A2CE /* CarDetailsView.swift in Sources */,
				CCA379132AADC61400B9A2CE /* CarModel.swift in Sources */,
			);
			runOnlyForDeploymentPostprocessing = 0;
		};
		CCA378EC2AADC1CB00B9A2CE /* Sources */ = {
			isa = PBXSourcesBuildPhase;
			buildActionMask = 2147483647;
			files = (
				CCA378F52AADC1CB00B9A2CE /* CarsAppTests.swift in Sources */,
			);
			runOnlyForDeploymentPostprocessing = 0;
		};
		CCA378F62AADC1CC00B9A2CE /* Sources */ = {
			isa = PBXSourcesBuildPhase;
			buildActionMask = 2147483647;
			files = (
				CCA378FF2AADC1CC00B9A2CE /* CarsAppUITests.swift in Sources */,
				CCA379012AADC1CC00B9A2CE /* CarsAppUITestsLaunchTests.swift in Sources */,
			);
			runOnlyForDeploymentPostprocessing = 0;
		};
/* End PBXSourcesBuildPhase section */

/* Begin PBXTargetDependency section */
		CCA378F22AADC1CB00B9A2CE /* PBXTargetDependency */ = {
			isa = PBXTargetDependency;
			target = CCA378DF2AADC1CB00B9A2CE /* CarsApp */;
			targetProxy = CCA378F12AADC1CB00B9A2CE /* PBXContainerItemProxy */;
		};
		CCA378FC2AADC1CC00B9A2CE /* PBXTargetDependency */ = {
			isa = PBXTargetDependency;
			target = CCA378DF2AADC1CB00B9A2CE /* CarsApp */;
			targetProxy = CCA378FB2AADC1CC00B9A2CE /* PBXContainerItemProxy */;
		};
/* End PBXTargetDependency section */

/* Begin XCBuildConfiguration section */
		CCA379022AADC1CC00B9A2CE /* Debug */ = {
			isa = XCBuildConfiguration;
			buildSettings = {
				ALWAYS_SEARCH_USER_PATHS = NO;
				CLANG_ANALYZER_NONNULL = YES;
				CLANG_ANALYZER_NUMBER_OBJECT_CONVERSION = YES_AGGRESSIVE;
				CLANG_CXX_LANGUAGE_STANDARD = "gnu++20";
				CLANG_ENABLE_MODULES = YES;
				CLANG_ENABLE_OBJC_ARC = YES;
				CLANG_ENABLE_OBJC_WEAK = YES;
				CLANG_WARN_BLOCK_CAPTURE_AUTORELEASING = YES;
				CLANG_WARN_BOOL_CONVERSION = YES;
				CLANG_WARN_COMMA = YES;
				CLANG_WARN_CONSTANT_CONVERSION = YES;
				CLANG_WARN_DEPRECATED_OBJC_IMPLEMENTATIONS = YES;
				CLANG_WARN_DIRECT_OBJC_ISA_USAGE = YES_ERROR;
				CLANG_WARN_DOCUMENTATION_COMMENTS = YES;
				CLANG_WARN_EMPTY_BODY = YES;
				CLANG_WARN_ENUM_CONVERSION = YES;
				CLANG_WARN_INFINITE_RECURSION = YES;
				CLANG_WARN_INT_CONVERSION = YES;
				CLANG_WARN_NON_LITERAL_NULL_CONVERSION = YES;
				CLANG_WARN_OBJC_IMPLICIT_RETAIN_SELF = YES;
				CLANG_WARN_OBJC_LITERAL_CONVERSION = YES;
				CLANG_WARN_OBJC_ROOT_CLASS = YES_ERROR;
				CLANG_WARN_QUOTED_INCLUDE_IN_FRAMEWORK_HEADER = YES;
				CLANG_WARN_RANGE_LOOP_ANALYSIS = YES;
				CLANG_WARN_STRICT_PROTOTYPES = YES;
				CLANG_WARN_SUSPICIOUS_MOVE = YES;
				CLANG_WARN_UNGUARDED_AVAILABILITY = YES_AGGRESSIVE;
				CLANG_WARN_UNREACHABLE_CODE = YES;
				CLANG_WARN__DUPLICATE_METHOD_MATCH = YES;
				COPY_PHASE_STRIP = NO;
				DEBUG_INFORMATION_FORMAT = dwarf;
				ENABLE_STRICT_OBJC_MSGSEND = YES;
				ENABLE_TESTABILITY = YES;
				GCC_C_LANGUAGE_STANDARD = gnu11;
				GCC_DYNAMIC_NO_PIC = NO;
				GCC_NO_COMMON_BLOCKS = YES;
				GCC_OPTIMIZATION_LEVEL = 0;
				GCC_PREPROCESSOR_DEFINITIONS = (
					"DEBUG=1",
					"$(inherited)",
				);
				GCC_WARN_64_TO_32_BIT_CONVERSION = YES;
				GCC_WARN_ABOUT_RETURN_TYPE = YES_ERROR;
				GCC_WARN_UNDECLARED_SELECTOR = YES;
				GCC_WARN_UNINITIALIZED_AUTOS = YES_AGGRESSIVE;
				GCC_WARN_UNUSED_FUNCTION = YES;
				GCC_WARN_UNUSED_VARIABLE = YES;
				IPHONEOS_DEPLOYMENT_TARGET = 16.4;
				MTL_ENABLE_DEBUG_INFO = INCLUDE_SOURCE;
				MTL_FAST_MATH = YES;
				ONLY_ACTIVE_ARCH = YES;
				SDKROOT = iphoneos;
				SWIFT_ACTIVE_COMPILATION_CONDITIONS = DEBUG;
				SWIFT_OPTIMIZATION_LEVEL = "-Onone";
			};
			name = Debug;
		};
		CCA379032AADC1CC00B9A2CE /* Release */ = {
			isa = XCBuildConfiguration;
			buildSettings = {
				ALWAYS_SEARCH_USER_PATHS = NO;
				CLANG_ANALYZER_NONNULL = YES;
				CLANG_ANALYZER_NUMBER_OBJECT_CONVERSION = YES_AGGRESSIVE;
				CLANG_CXX_LANGUAGE_STANDARD = "gnu++20";
				CLANG_ENABLE_MODULES = YES;
				CLANG_ENABLE_OBJC_ARC = YES;
				CLANG_ENABLE_OBJC_WEAK = YES;
				CLANG_WARN_BLOCK_CAPTURE_AUTORELEASING = YES;
				CLANG_WARN_BOOL_CONVERSION = YES;
				CLANG_WARN_COMMA = YES;
				CLANG_WARN_CONSTANT_CONVERSION = YES;
				CLANG_WARN_DEPRECATED_OBJC_IMPLEMENTATIONS = YES;
				CLANG_WARN_DIRECT_OBJC_ISA_USAGE = YES_ERROR;
				CLANG_WARN_DOCUMENTATION_COMMENTS = YES;
				CLANG_WARN_EMPTY_BODY = YES;
				CLANG_WARN_ENUM_CONVERSION = YES;
				CLANG_WARN_INFINITE_RECURSION = YES;
				CLANG_WARN_INT_CONVERSION = YES;
				CLANG_WARN_NON_LITERAL_NULL_CONVERSION = YES;
				CLANG_WARN_OBJC_IMPLICIT_RETAIN_SELF = YES;
				CLANG_WARN_OBJC_LITERAL_CONVERSION = YES;
				CLANG_WARN_OBJC_ROOT_CLASS = YES_ERROR;
				CLANG_WARN_QUOTED_INCLUDE_IN_FRAMEWORK_HEADER = YES;
				CLANG_WARN_RANGE_LOOP_ANALYSIS = YES;
				CLANG_WARN_STRICT_PROTOTYPES = YES;
				CLANG_WARN_SUSPICIOUS_MOVE = YES;
				CLANG_WARN_UNGUARDED_AVAILABILITY = YES_AGGRESSIVE;
				CLANG_WARN_UNREACHABLE_CODE = YES;
				CLANG_WARN__DUPLICATE_METHOD_MATCH = YES;
				COPY_PHASE_STRIP = NO;
				DEBUG_INFORMATION_FORMAT = "dwarf-with-dsym";
				ENABLE_NS_ASSERTIONS = NO;
				ENABLE_STRICT_OBJC_MSGSEND = YES;
				GCC_C_LANGUAGE_STANDARD = gnu11;
				GCC_NO_COMMON_BLOCKS = YES;
				GCC_WARN_64_TO_32_BIT_CONVERSION = YES;
				GCC_WARN_ABOUT_RETURN_TYPE = YES_ERROR;
				GCC_WARN_UNDECLARED_SELECTOR = YES;
				GCC_WARN_UNINITIALIZED_AUTOS = YES_AGGRESSIVE;
				GCC_WARN_UNUSED_FUNCTION = YES;
				GCC_WARN_UNUSED_VARIABLE = YES;
				IPHONEOS_DEPLOYMENT_TARGET = 16.4;
				MTL_ENABLE_DEBUG_INFO = NO;
				MTL_FAST_MATH = YES;
				SDKROOT = iphoneos;
				SWIFT_COMPILATION_MODE = wholemodule;
				SWIFT_OPTIMIZATION_LEVEL = "-O";
				VALIDATE_PRODUCT = YES;
			};
			name = Release;
		};
		CCA379052AADC1CC00B9A2CE /* Debug */ = {
			isa = XCBuildConfiguration;
			buildSettings = {
				ASSETCATALOG_COMPILER_APPICON_NAME = AppIcon;
				ASSETCATALOG_COMPILER_GLOBAL_ACCENT_COLOR_NAME = AccentColor;
				CODE_SIGN_STYLE = Automatic;
				CURRENT_PROJECT_VERSION = 1;
				DEVELOPMENT_ASSET_PATHS = "\"CarsApp/Preview Content\"";
				DEVELOPMENT_TEAM = N387Q3N84N;
				ENABLE_PREVIEWS = YES;
				GENERATE_INFOPLIST_FILE = YES;
				INFOPLIST_KEY_UIApplicationSceneManifest_Generation = YES;
				INFOPLIST_KEY_UIApplicationSupportsIndirectInputEvents = YES;
				INFOPLIST_KEY_UILaunchScreen_Generation = YES;
				INFOPLIST_KEY_UISupportedInterfaceOrientations_iPad = "UIInterfaceOrientationPortrait UIInterfaceOrientationPortraitUpsideDown UIInterfaceOrientationLandscapeLeft UIInterfaceOrientationLandscapeRight";
				INFOPLIST_KEY_UISupportedInterfaceOrientations_iPhone = "UIInterfaceOrientationPortrait UIInterfaceOrientationLandscapeLeft UIInterfaceOrientationLandscapeRight";
				LD_RUNPATH_SEARCH_PATHS = (
					"$(inherited)",
					"@executable_path/Frameworks",
				);
				MARKETING_VERSION = 1.0;
				PRODUCT_BUNDLE_IDENTIFIER = com.decodev.CarsApp;
				PRODUCT_NAME = "$(TARGET_NAME)";
				SWIFT_EMIT_LOC_STRINGS = YES;
				SWIFT_VERSION = 5.0;
				TARGETED_DEVICE_FAMILY = "1,2";
			};
			name = Debug;
		};
		CCA379062AADC1CC00B9A2CE /* Release */ = {
			isa = XCBuildConfiguration;
			buildSettings = {
				ASSETCATALOG_COMPILER_APPICON_NAME = AppIcon;
				ASSETCATALOG_COMPILER_GLOBAL_ACCENT_COLOR_NAME = AccentColor;
				CODE_SIGN_STYLE = Automatic;
				CURRENT_PROJECT_VERSION = 1;
				DEVELOPMENT_ASSET_PATHS = "\"CarsApp/Preview Content\"";
				DEVELOPMENT_TEAM = N387Q3N84N;
				ENABLE_PREVIEWS = YES;
				GENERATE_INFOPLIST_FILE = YES;
				INFOPLIST_KEY_UIApplicationSceneManifest_Generation = YES;
				INFOPLIST_KEY_UIApplicationSupportsIndirectInputEvents = YES;
				INFOPLIST_KEY_UILaunchScreen_Generation = YES;
				INFOPLIST_KEY_UISupportedInterfaceOrientations_iPad = "UIInterfaceOrientationPortrait UIInterfaceOrientationPortraitUpsideDown UIInterfaceOrientationLandscapeLeft UIInterfaceOrientationLandscapeRight";
				INFOPLIST_KEY_UISupportedInterfaceOrientations_iPhone = "UIInterfaceOrientationPortrait UIInterfaceOrientationLandscapeLeft UIInterfaceOrientationLandscapeRight";
				LD_RUNPATH_SEARCH_PATHS = (
					"$(inherited)",
					"@executable_path/Frameworks",
				);
				MARKETING_VERSION = 1.0;
				PRODUCT_BUNDLE_IDENTIFIER = com.decodev.CarsApp;
				PRODUCT_NAME = "$(TARGET_NAME)";
				SWIFT_EMIT_LOC_STRINGS = YES;
				SWIFT_VERSION = 5.0;
				TARGETED_DEVICE_FAMILY = "1,2";
			};
			name = Release;
		};
		CCA379082AADC1CC00B9A2CE /* Debug */ = {
			isa = XCBuildConfiguration;
			buildSettings = {
				ALWAYS_EMBED_SWIFT_STANDARD_LIBRARIES = YES;
				BUNDLE_LOADER = "$(TEST_HOST)";
				CODE_SIGN_STYLE = Automatic;
				CURRENT_PROJECT_VERSION = 1;
				DEVELOPMENT_TEAM = N387Q3N84N;
				GENERATE_INFOPLIST_FILE = YES;
				IPHONEOS_DEPLOYMENT_TARGET = 16.4;
				MARKETING_VERSION = 1.0;
				PRODUCT_BUNDLE_IDENTIFIER = com.decodev.CarsAppTests;
				PRODUCT_NAME = "$(TARGET_NAME)";
				SWIFT_EMIT_LOC_STRINGS = NO;
				SWIFT_VERSION = 5.0;
				TARGETED_DEVICE_FAMILY = "1,2";
				TEST_HOST = "$(BUILT_PRODUCTS_DIR)/CarsApp.app/$(BUNDLE_EXECUTABLE_FOLDER_PATH)/CarsApp";
			};
			name = Debug;
		};
		CCA379092AADC1CC00B9A2CE /* Release */ = {
			isa = XCBuildConfiguration;
			buildSettings = {
				ALWAYS_EMBED_SWIFT_STANDARD_LIBRARIES = YES;
				BUNDLE_LOADER = "$(TEST_HOST)";
				CODE_SIGN_STYLE = Automatic;
				CURRENT_PROJECT_VERSION = 1;
				DEVELOPMENT_TEAM = N387Q3N84N;
				GENERATE_INFOPLIST_FILE = YES;
				IPHONEOS_DEPLOYMENT_TARGET = 16.4;
				MARKETING_VERSION = 1.0;
				PRODUCT_BUNDLE_IDENTIFIER = com.decodev.CarsAppTests;
				PRODUCT_NAME = "$(TARGET_NAME)";
				SWIFT_EMIT_LOC_STRINGS = NO;
				SWIFT_VERSION = 5.0;
				TARGETED_DEVICE_FAMILY = "1,2";
				TEST_HOST = "$(BUILT_PRODUCTS_DIR)/CarsApp.app/$(BUNDLE_EXECUTABLE_FOLDER_PATH)/CarsApp";
			};
			name = Release;
		};
		CCA3790B2AADC1CC00B9A2CE /* Debug */ = {
			isa = XCBuildConfiguration;
			buildSettings = {
				ALWAYS_EMBED_SWIFT_STANDARD_LIBRARIES = YES;
				CODE_SIGN_STYLE = Automatic;
				CURRENT_PROJECT_VERSION = 1;
				DEVELOPMENT_TEAM = N387Q3N84N;
				GENERATE_INFOPLIST_FILE = YES;
				MARKETING_VERSION = 1.0;
				PRODUCT_BUNDLE_IDENTIFIER = com.decodev.CarsAppUITests;
				PRODUCT_NAME = "$(TARGET_NAME)";
				SWIFT_EMIT_LOC_STRINGS = NO;
				SWIFT_VERSION = 5.0;
				TARGETED_DEVICE_FAMILY = "1,2";
				TEST_TARGET_NAME = CarsApp;
			};
			name = Debug;
		};
		CCA3790C2AADC1CC00B9A2CE /* Release */ = {
			isa = XCBuildConfiguration;
			buildSettings = {
				ALWAYS_EMBED_SWIFT_STANDARD_LIBRARIES = YES;
				CODE_SIGN_STYLE = Automatic;
				CURRENT_PROJECT_VERSION = 1;
				DEVELOPMENT_TEAM = N387Q3N84N;
				GENERATE_INFOPLIST_FILE = YES;
				MARKETING_VERSION = 1.0;
				PRODUCT_BUNDLE_IDENTIFIER = com.decodev.CarsAppUITests;
				PRODUCT_NAME = "$(TARGET_NAME)";
				SWIFT_EMIT_LOC_STRINGS = NO;
				SWIFT_VERSION = 5.0;
				TARGETED_DEVICE_FAMILY = "1,2";
				TEST_TARGET_NAME = CarsApp;
			};
			name = Release;
		};
/* End XCBuildConfiguration section */

/* Begin XCConfigurationList section */
		CCA378DB2AADC1CB00B9A2CE /* Build configuration list for PBXProject "CarsApp" */ = {
			isa = XCConfigurationList;
			buildConfigurations = (
				CCA379022AADC1CC00B9A2CE /* Debug */,
				CCA379032AADC1CC00B9A2CE /* Release */,
			);
			defaultConfigurationIsVisible = 0;
			defaultConfigurationName = Release;
		};
		CCA379042AADC1CC00B9A2CE /* Build configuration list for PBXNativeTarget "CarsApp" */ = {
			isa = XCConfigurationList;
			buildConfigurations = (
				CCA379052AADC1CC00B9A2CE /* Debug */,
				CCA379062AADC1CC00B9A2CE /* Release */,
			);
			defaultConfigurationIsVisible = 0;
			defaultConfigurationName = Release;
		};
		CCA379072AADC1CC00B9A2CE /* Build configuration list for PBXNativeTarget "CarsAppTests" */ = {
			isa = XCConfigurationList;
			buildConfigurations = (
				CCA379082AADC1CC00B9A2CE /* Debug */,
				CCA379092AADC1CC00B9A2CE /* Release */,
			);
			defaultConfigurationIsVisible = 0;
			defaultConfigurationName = Release;
		};
		CCA3790A2AADC1CC00B9A2CE /* Build configuration list for PBXNativeTarget "CarsAppUITests" */ = {
			isa = XCConfigurationList;
			buildConfigurations = (
				CCA3790B2AADC1CC00B9A2CE /* Debug */,
				CCA3790C2AADC1CC00B9A2CE /* Release */,
			);
			defaultConfigurationIsVisible = 0;
			defaultConfigurationName = Release;
		};
/* End XCConfigurationList section */
	};
	rootObject = CCA378D82AADC1CB00B9A2CE /* Project object */;
}
